
Microsoft Visual Studio Solution File, Format Version 12.00
Project("{2150E333-8FDC-42A3-9474-1A3956D46DE8}") = "src", "src", "{D6EA8B61-099E-447C-ACA0-AD4E2D400F48}"
EndProject
Project("{2150E333-8FDC-42A3-9474-1A3956D46DE8}") = "Shared", "Shared", "{FDAC959A-8E91-47D1-9D71-B827A99C7BF0}"
EndProject
Project("{FAE04EC0-301F-11D3-BF4B-00C04F79EFBC}") = "Shared.Domain", "Shared.Domain\Shared.Domain.csproj", "{3EABFBC6-28F4-40DC-BB00-55F6AA34ECAC}"
EndProject
Project("{FAE04EC0-301F-11D3-BF4B-00C04F79EFBC}") = "Shared.Infrastructure", "Shared.Infrastructure\Shared.Infrastructure.csproj", "{1D2F545A-9B70-47D3-96E4-E90403B00C43}"
EndProject
Project("{2150E333-8FDC-42A3-9474-1A3956D46DE8}") = "ToDo", "ToDo", "{94D5E06A-67A3-46C6-8BE9-04CDA0213A75}"
EndProject
Project("{FAE04EC0-301F-11D3-BF4B-00C04F79EFBC}") = "ToDo.Domain", "ToDo.Domain\ToDo.Domain.csproj", "{B7294C1E-5CF2-4338-B908-0BF90A144947}"
EndProject
Project("{FAE04EC0-301F-11D3-BF4B-00C04F79EFBC}") = "ToDo.Infrastructure", "ToDo.Infrastructure\ToDo.Infrastructure.csproj", "{B5C5B6C6-4A91-4513-A2EF-62ECE72EE857}"
EndProject
Project("{FAE04EC0-301F-11D3-BF4B-00C04F79EFBC}") = "ToDo.API", "ToDo.API\ToDo.API.csproj", "{F32F0C68-D889-40B4-9AC1-6DD9C95CA88B}"
EndProject
Project("{2150E333-8FDC-42A3-9474-1A3956D46DE8}") = "Calendar", "Calendar", "{28F061DE-3A96-4E8A-A7FE-E91F465F1C6D}"
EndProject
Project("{FAE04EC0-301F-11D3-BF4B-00C04F79EFBC}") = "Calendar.API", "Calendar.API\Calendar.API.csproj", "{9FA51C49-D388-41F5-807B-EA837B08B04F}"
EndProject
Project("{FAE04EC0-301F-11D3-BF4B-00C04F79EFBC}") = "Calendar.Domain", "Calendar.Domain\Calendar.Domain.csproj", "{2AF0AD24-663F-4E34-BD73-49B427B15F25}"
EndProject
Project("{FAE04EC0-301F-11D3-BF4B-00C04F79EFBC}") = "Calendar.Infrastructure", "Calendar.Infrastructure\Calendar.Infrastructure.csproj", "{5CD4EAED-E706-453C-BDA3-C23AD98E4C52}"
EndProject
Global
	GlobalSection(SolutionConfigurationPlatforms) = preSolution
		Debug|Any CPU = Debug|Any CPU
		Release|Any CPU = Release|Any CPU
	EndGlobalSection
	GlobalSection(NestedProjects) = preSolution
		{FDAC959A-8E91-47D1-9D71-B827A99C7BF0} = {D6EA8B61-099E-447C-ACA0-AD4E2D400F48}
		{3EABFBC6-28F4-40DC-BB00-55F6AA34ECAC} = {FDAC959A-8E91-47D1-9D71-B827A99C7BF0}
		{1D2F545A-9B70-47D3-96E4-E90403B00C43} = {FDAC959A-8E91-47D1-9D71-B827A99C7BF0}
		{94D5E06A-67A3-46C6-8BE9-04CDA0213A75} = {D6EA8B61-099E-447C-ACA0-AD4E2D400F48}
		{B7294C1E-5CF2-4338-B908-0BF90A144947} = {94D5E06A-67A3-46C6-8BE9-04CDA0213A75}
		{B5C5B6C6-4A91-4513-A2EF-62ECE72EE857} = {94D5E06A-67A3-46C6-8BE9-04CDA0213A75}
		{F32F0C68-D889-40B4-9AC1-6DD9C95CA88B} = {94D5E06A-67A3-46C6-8BE9-04CDA0213A75}
		{28F061DE-3A96-4E8A-A7FE-E91F465F1C6D} = {D6EA8B61-099E-447C-ACA0-AD4E2D400F48}
		{9FA51C49-D388-41F5-807B-EA837B08B04F} = {28F061DE-3A96-4E8A-A7FE-E91F465F1C6D}
		{2AF0AD24-663F-4E34-BD73-49B427B15F25} = {28F061DE-3A96-4E8A-A7FE-E91F465F1C6D}
		{5CD4EAED-E706-453C-BDA3-C23AD98E4C52} = {28F061DE-3A96-4E8A-A7FE-E91F465F1C6D}
	EndGlobalSection
	GlobalSection(ProjectConfigurationPlatforms) = postSolution
		{3EABFBC6-28F4-40DC-BB00-55F6AA34ECAC}.Debug|Any CPU.ActiveCfg = Debug|Any CPU
		{3EABFBC6-28F4-40DC-BB00-55F6AA34ECAC}.Debug|Any CPU.Build.0 = Debug|Any CPU
		{3EABFBC6-28F4-40DC-BB00-55F6AA34ECAC}.Release|Any CPU.ActiveCfg = Release|Any CPU
		{3EABFBC6-28F4-40DC-BB00-55F6AA34ECAC}.Release|Any CPU.Build.0 = Release|Any CPU
		{1D2F545A-9B70-47D3-96E4-E90403B00C43}.Debug|Any CPU.ActiveCfg = Debug|Any CPU
		{1D2F545A-9B70-47D3-96E4-E90403B00C43}.Debug|Any CPU.Build.0 = Debug|Any CPU
		{1D2F545A-9B70-47D3-96E4-E90403B00C43}.Release|Any CPU.ActiveCfg = Release|Any CPU
		{1D2F545A-9B70-47D3-96E4-E90403B00C43}.Release|Any CPU.Build.0 = Release|Any CPU
		{B7294C1E-5CF2-4338-B908-0BF90A144947}.Debug|Any CPU.ActiveCfg = Debug|Any CPU
		{B7294C1E-5CF2-4338-B908-0BF90A144947}.Debug|Any CPU.Build.0 = Debug|Any CPU
		{B7294C1E-5CF2-4338-B908-0BF90A144947}.Release|Any CPU.ActiveCfg = Release|Any CPU
		{B7294C1E-5CF2-4338-B908-0BF90A144947}.Release|Any CPU.Build.0 = Release|Any CPU
		{B5C5B6C6-4A91-4513-A2EF-62ECE72EE857}.Debug|Any CPU.ActiveCfg = Debug|Any CPU
		{B5C5B6C6-4A91-4513-A2EF-62ECE72EE857}.Debug|Any CPU.Build.0 = Debug|Any CPU
		{B5C5B6C6-4A91-4513-A2EF-62ECE72EE857}.Release|Any CPU.ActiveCfg = Release|Any CPU
		{B5C5B6C6-4A91-4513-A2EF-62ECE72EE857}.Release|Any CPU.Build.0 = Release|Any CPU
		{F32F0C68-D889-40B4-9AC1-6DD9C95CA88B}.Debug|Any CPU.ActiveCfg = Debug|Any CPU
		{F32F0C68-D889-40B4-9AC1-6DD9C95CA88B}.Debug|Any CPU.Build.0 = Debug|Any CPU
		{F32F0C68-D889-40B4-9AC1-6DD9C95CA88B}.Release|Any CPU.ActiveCfg = Release|Any CPU
		{F32F0C68-D889-40B4-9AC1-6DD9C95CA88B}.Release|Any CPU.Build.0 = Release|Any CPU
		{9FA51C49-D388-41F5-807B-EA837B08B04F}.Debug|Any CPU.ActiveCfg = Debug|Any CPU
		{9FA51C49-D388-41F5-807B-EA837B08B04F}.Debug|Any CPU.Build.0 = Debug|Any CPU
		{9FA51C49-D388-41F5-807B-EA837B08B04F}.Release|Any CPU.ActiveCfg = Release|Any CPU
		{9FA51C49-D388-41F5-807B-EA837B08B04F}.Release|Any CPU.Build.0 = Release|Any CPU
		{2AF0AD24-663F-4E34-BD73-49B427B15F25}.Debug|Any CPU.ActiveCfg = Debug|Any CPU
		{2AF0AD24-663F-4E34-BD73-49B427B15F25}.Debug|Any CPU.Build.0 = Debug|Any CPU
		{2AF0AD24-663F-4E34-BD73-49B427B15F25}.Release|Any CPU.ActiveCfg = Release|Any CPU
		{2AF0AD24-663F-4E34-BD73-49B427B15F25}.Release|Any CPU.Build.0 = Release|Any CPU
		{5CD4EAED-E706-453C-BDA3-C23AD98E4C52}.Debug|Any CPU.ActiveCfg = Debug|Any CPU
		{5CD4EAED-E706-453C-BDA3-C23AD98E4C52}.Debug|Any CPU.Build.0 = Debug|Any CPU
		{5CD4EAED-E706-453C-BDA3-C23AD98E4C52}.Release|Any CPU.ActiveCfg = Release|Any CPU
		{5CD4EAED-E706-453C-BDA3-C23AD98E4C52}.Release|Any CPU.Build.0 = Release|Any CPU
	EndGlobalSection
EndGlobal
