
Microsoft Visual Studio Solution File, Format Version 12.00
Project("{2150E333-8FDC-42A3-9474-1A3956D46DE8}") = "src", "src", "{D6EA8B61-099E-447C-ACA0-AD4E2D400F48}"
EndProject
Project("{FAE04EC0-301F-11D3-BF4B-00C04F79EFBC}") = "CalendarAPI", "CalendarAPI\CalendarAPI.csproj", "{C54693A6-F562-46FA-9D4A-655D879584D0}"
EndProject
Project("{FAE04EC0-301F-11D3-BF4B-00C04F79EFBC}") = "AuthAPI", "AuthAPI\AuthAPI.csproj", "{74BF410B-8C5F-401F-B071-C1E28CAF6C4C}"
EndProject
Project("{FAE04EC0-301F-11D3-BF4B-00C04F79EFBC}") = "ToDoAPI", "ToDoAPI\ToDoAPI.csproj", "{A44D9FFE-DC3C-4255-85D6-ADD111819D92}"
EndProject
Project("{FAE04EC0-301F-11D3-BF4B-00C04F79EFBC}") = "Shared", "Shared\Shared.csproj", "{8E6558E9-359C-4507-9493-469E478217FA}"
EndProject
Global
	GlobalSection(SolutionConfigurationPlatforms) = preSolution
		Debug|Any CPU = Debug|Any CPU
		Release|Any CPU = Release|Any CPU
	EndGlobalSection
	GlobalSection(NestedProjects) = preSolution
		{C54693A6-F562-46FA-9D4A-655D879584D0} = {D6EA8B61-099E-447C-ACA0-AD4E2D400F48}
		{74BF410B-8C5F-401F-B071-C1E28CAF6C4C} = {D6EA8B61-099E-447C-ACA0-AD4E2D400F48}
		{A44D9FFE-DC3C-4255-85D6-ADD111819D92} = {D6EA8B61-099E-447C-ACA0-AD4E2D400F48}
		{8E6558E9-359C-4507-9493-469E478217FA} = {D6EA8B61-099E-447C-ACA0-AD4E2D400F48}
	EndGlobalSection
	GlobalSection(ProjectConfigurationPlatforms) = postSolution
		{C54693A6-F562-46FA-9D4A-655D879584D0}.Debug|Any CPU.ActiveCfg = Debug|Any CPU
		{C54693A6-F562-46FA-9D4A-655D879584D0}.Debug|Any CPU.Build.0 = Debug|Any CPU
		{C54693A6-F562-46FA-9D4A-655D879584D0}.Release|Any CPU.ActiveCfg = Release|Any CPU
		{C54693A6-F562-46FA-9D4A-655D879584D0}.Release|Any CPU.Build.0 = Release|Any CPU
		{74BF410B-8C5F-401F-B071-C1E28CAF6C4C}.Debug|Any CPU.ActiveCfg = Debug|Any CPU
		{74BF410B-8C5F-401F-B071-C1E28CAF6C4C}.Debug|Any CPU.Build.0 = Debug|Any CPU
		{74BF410B-8C5F-401F-B071-C1E28CAF6C4C}.Release|Any CPU.ActiveCfg = Release|Any CPU
		{74BF410B-8C5F-401F-B071-C1E28CAF6C4C}.Release|Any CPU.Build.0 = Release|Any CPU
		{A44D9FFE-DC3C-4255-85D6-ADD111819D92}.Debug|Any CPU.ActiveCfg = Debug|Any CPU
		{A44D9FFE-DC3C-4255-85D6-ADD111819D92}.Debug|Any CPU.Build.0 = Debug|Any CPU
		{A44D9FFE-DC3C-4255-85D6-ADD111819D92}.Release|Any CPU.ActiveCfg = Release|Any CPU
		{A44D9FFE-DC3C-4255-85D6-ADD111819D92}.Release|Any CPU.Build.0 = Release|Any CPU
		{8E6558E9-359C-4507-9493-469E478217FA}.Debug|Any CPU.ActiveCfg = Debug|Any CPU
		{8E6558E9-359C-4507-9493-469E478217FA}.Debug|Any CPU.Build.0 = Debug|Any CPU
		{8E6558E9-359C-4507-9493-469E478217FA}.Release|Any CPU.ActiveCfg = Release|Any CPU
		{8E6558E9-359C-4507-9493-469E478217FA}.Release|Any CPU.Build.0 = Release|Any CPU
	EndGlobalSection
EndGlobal
